// !$*UTF8*$!
{
	archiveVersion = 1;
	classes = {
	};
	objectVersion = 63;
	objects = {

/* Begin PBXBuildFile section */
		01882076C746483FECEE1B3F /* LocationViewModel.swift in Sources */ = {isa = PBXBuildFile; fileRef = B4AC05D108BED676A876E31D /* LocationViewModel.swift */; };
		0631691DCE353810DA9E8AAB /* CryptoSwift in Frameworks */ = {isa = PBXBuildFile; productRef = 16B556ABDDDA9294A142F5AA /* CryptoSwift */; };
		0874C5531DD5634280D144CC /* Montserrat-Regular.otf in Resources */ = {isa = PBXBuildFile; fileRef = 91D2ECD4A7731264D682B5AB /* Montserrat-Regular.otf */; };
		096D0F0DA3B3C877B0094DA4 /* APIClient.swift in Sources */ = {isa = PBXBuildFile; fileRef = F594A5932B31BB12379470FF /* APIClient.swift */; };
		0CF3A0FD7EFCABF77A741CB2 /* OFL.txt in Resources */ = {isa = PBXBuildFile; fileRef = CB333E2E468266AF80BF7220 /* OFL.txt */; };
		15852891E0B73ACC7343467E /* Montserrat-BoldItalic.ttf in Resources */ = {isa = PBXBuildFile; fileRef = 24A7BDD1A15CF3E0CF10B6B5 /* Montserrat-BoldItalic.ttf */; };
		17083ED6461977BB6EA844B3 /* SearchViewModel.swift in Sources */ = {isa = PBXBuildFile; fileRef = 7D2B3C686EF60AFA3C64FBB5 /* SearchViewModel.swift */; };
		182453D4BC61C2E0383E532C /* Theme.swift in Sources */ = {isa = PBXBuildFile; fileRef = A1932A6EE52DC0C36E7CBE45 /* Theme.swift */; };
		1D879E7404411DBE172B27F7 /* KeychainStore.swift in Sources */ = {isa = PBXBuildFile; fileRef = 436DD8D95421394095C03860 /* KeychainStore.swift */; };
		23F3987A38ED5352ABB4CF29 /* Montserrat-SemiBoldItalic.ttf in Resources */ = {isa = PBXBuildFile; fileRef = 0FBAE45E8091C454335AE9D8 /* Montserrat-SemiBoldItalic.ttf */; };
		2BE849336353B76EE0596C64 /* Montserrat-Bold.ttf in Resources */ = {isa = PBXBuildFile; fileRef = 242EC847D69B5C1AC8015A87 /* Montserrat-Bold.ttf */; };
		2C034067302A9DB2CC0A52ED /* SectionCard.swift in Sources */ = {isa = PBXBuildFile; fileRef = 84CCD3E0B951153F7FAF026C /* SectionCard.swift */; };
		36BF5998AE2228A562753DE8 /* ClinicCardView.swift in Sources */ = {isa = PBXBuildFile; fileRef = 85AAFBD6F0EAC6D931955D30 /* ClinicCardView.swift */; };
		39C40719A949201F12D50582 /* Montserrat-Bold.otf in Resources */ = {isa = PBXBuildFile; fileRef = 36E63A65361E4D94DD43462A /* Montserrat-Bold.otf */; };
		3D97120B5028DF8896D5CC7D /* Montserrat-Italic.otf in Resources */ = {isa = PBXBuildFile; fileRef = 2F373F76B53F9A976A870CBC /* Montserrat-Italic.otf */; };
		4C5861D4F70CE4B748E4F5C4 /* Montserrat-LightItalic.otf in Resources */ = {isa = PBXBuildFile; fileRef = 0D87F4617306D3B8021A1309 /* Montserrat-LightItalic.otf */; };
		4FEF4A4DCA8CF8306CADB849 /* TranslatedText.swift in Sources */ = {isa = PBXBuildFile; fileRef = 930CD8730608EC1339EDF600 /* TranslatedText.swift */; };
		57E68031B071E5103F311C67 /* RootTabView.swift in Sources */ = {isa = PBXBuildFile; fileRef = B43C67BD756C7DBFC6D23E05 /* RootTabView.swift */; };
		57FD9DA9808FE36026E098CB /* Assets.xcassets in Resources */ = {isa = PBXBuildFile; fileRef = F2C18045ACA65E71D6990FBD /* Assets.xcassets */; };
		5E7CF431386153BD1621931E /* Montserrat-Black.ttf in Resources */ = {isa = PBXBuildFile; fileRef = AD2FF00B0584B99C5559D1C7 /* Montserrat-Black.ttf */; };
		6698D94D0A95A73553071F04 /* Montserrat-ExtraBold.otf in Resources */ = {isa = PBXBuildFile; fileRef = 7C7F4347A066AE261DC3CAA9 /* Montserrat-ExtraBold.otf */; };
		674E208A70D5F091168BE9E6 /* Montserrat-ExtraBold.ttf in Resources */ = {isa = PBXBuildFile; fileRef = C37BD56391E2A071D0A31C2D /* Montserrat-ExtraBold.ttf */; };
		67B382544E566130AC6080F6 /* AppointmentViewModel.swift in Sources */ = {isa = PBXBuildFile; fileRef = EAAC88817F028EBB795E5272 /* AppointmentViewModel.swift */; };
		6925DE1D667F2094B6A328B8 /* Montserrat-ExtraBoldItalic.otf in Resources */ = {isa = PBXBuildFile; fileRef = EAD6A598452AA9B52ECDCDA8 /* Montserrat-ExtraBoldItalic.otf */; };
		6A05E768A1417D7E0ADBD4D7 /* DistanceCalculator.swift in Sources */ = {isa = PBXBuildFile; fileRef = D4B50151650D646DD2032A1F /* DistanceCalculator.swift */; };
		75EAE407B6CA484CD927B3E8 /* Montserrat-Light.ttf in Resources */ = {isa = PBXBuildFile; fileRef = 056FD6F4936942487D4691EA /* Montserrat-Light.ttf */; };
		79114FD571FF673402E80F6A /* Montserrat-ThinItalic.ttf in Resources */ = {isa = PBXBuildFile; fileRef = A250A7D54B87E1FE0A5EBBC6 /* Montserrat-ThinItalic.ttf */; };
		7D06E81CF12FA254FB7F0645 /* Montserrat-BlackItalic.ttf in Resources */ = {isa = PBXBuildFile; fileRef = BD9BBF48395E863B7A780E16 /* Montserrat-BlackItalic.ttf */; };
		7FA9DEE8B36A023CF6D1C091 /* Montserrat-BlackItalic.otf in Resources */ = {isa = PBXBuildFile; fileRef = A01ACA8C5BC31A4FB44C7034 /* Montserrat-BlackItalic.otf */; };
		8324FAD25F104503EA03C578 /* ProfileView.swift in Sources */ = {isa = PBXBuildFile; fileRef = D3BDE6E6FE94ACBE2DC2DC12 /* ProfileView.swift */; };
		868E39AF4338FD6EB6655F11 /* LocationCardView.swift in Sources */ = {isa = PBXBuildFile; fileRef = 90AF6CAFEBC20B1641109DB5 /* LocationCardView.swift */; };
		86CB0A8F06B3DBF555E1099D /* QuickActionTile.swift in Sources */ = {isa = PBXBuildFile; fileRef = 95724C1430C489D4F6F788B1 /* QuickActionTile.swift */; };
		89CE82F1BEC8324B8970920B /* TranslationService.swift in Sources */ = {isa = PBXBuildFile; fileRef = 6F23956D3838C40AE2C11747 /* TranslationService.swift */; };
		89D593C12CFE22E2EA944E96 /* ClinicsView.swift in Sources */ = {isa = PBXBuildFile; fileRef = D74EBB3FCFAEB68DC69506C2 /* ClinicsView.swift */; };
		8DBACB1EAF91B301457F85D6 /* SearchView.swift in Sources */ = {isa = PBXBuildFile; fileRef = 68C064D006D3004AF2E2C5D2 /* SearchView.swift */; };
		8DCA9A850A88297A2917EBAC /* DocDaisyView.swift in Sources */ = {isa = PBXBuildFile; fileRef = 715E32C4075181C4F2AE5245 /* DocDaisyView.swift */; };
		933F158566CD649B577C54E7 /* Montserrat-Black.otf in Resources */ = {isa = PBXBuildFile; fileRef = 31638FEBD2CF84509073256B /* Montserrat-Black.otf */; };
		9876B2A91EA559A34BFC1CE0 /* Montserrat-ExtraLightItalic.otf in Resources */ = {isa = PBXBuildFile; fileRef = 02A84EECEA2B010D66A72C6F /* Montserrat-ExtraLightItalic.otf */; };
		A0280FFE814C95B0033A85D6 /* ChipView.swift in Sources */ = {isa = PBXBuildFile; fileRef = 5934E8C5E6BA9E618F02B202 /* ChipView.swift */; };
		A13E5F8A7CB25BFC360C4DCE /* AddressSearchViewModel.swift in Sources */ = {isa = PBXBuildFile; fileRef = DFE5DF16A23FF29777AA7AF9 /* AddressSearchViewModel.swift */; };
		A221CC3AF745E7931AD15968 /* RecaptchaWebView.swift in Sources */ = {isa = PBXBuildFile; fileRef = 8E552C41749BC3E0AF52EBC6 /* RecaptchaWebView.swift */; };
		A22EA439C5DF871343E5490A /* AuthView.swift in Sources */ = {isa = PBXBuildFile; fileRef = BA1328218DDDACDF7B9C819B /* AuthView.swift */; };
		A510C3B000B783969F610EF2 /* Montserrat-Thin.otf in Resources */ = {isa = PBXBuildFile; fileRef = F9C5952B21AD6896BB73D7A1 /* Montserrat-Thin.otf */; };
		A564EC2889BE1E50516F269D /* DocDaisyBannerView.swift in Sources */ = {isa = PBXBuildFile; fileRef = 7FF68982F2DDD102FD7D3CDA /* DocDaisyBannerView.swift */; };
		AA77C2BEC3C76925C1FD2A34 /* DocNearMeApp.swift in Sources */ = {isa = PBXBuildFile; fileRef = E7F11FD9C763AF6362D17A7C /* DocNearMeApp.swift */; };
		AAEA242C43D45748E2E86A38 /* Montserrat-Italic.ttf in Resources */ = {isa = PBXBuildFile; fileRef = 3597A849F7856D4348BFB702 /* Montserrat-Italic.ttf */; };
		AE0EC9CA0D47311220DA515B /* Models.swift in Sources */ = {isa = PBXBuildFile; fileRef = 3AC34EC8C9A2773BDC37DBCC /* Models.swift */; };
		B0762A910BF8D773B871B6D6 /* Montserrat-Light.otf in Resources */ = {isa = PBXBuildFile; fileRef = 6F94E93FBCB7F8CDAA6A78E2 /* Montserrat-Light.otf */; };
		BB649FCF4A517F357A4C06AE /* MedicalVault.swift in Sources */ = {isa = PBXBuildFile; fileRef = 7A9DC20E42A0106AABD0D0CD /* MedicalVault.swift */; };
		C1561DFE037F4CDE577D706D /* Montserrat-ThinItalic.otf in Resources */ = {isa = PBXBuildFile; fileRef = 902253E8733D98FB51AB2B60 /* Montserrat-ThinItalic.otf */; };
		C43A7B35B40F8DF05845B9D1 /* ShadowBadge.swift in Sources */ = {isa = PBXBuildFile; fileRef = CABCB41D57A4318EABF40D6C /* ShadowBadge.swift */; };
		C46D2A58E24FB44817925926 /* TokenStore.swift in Sources */ = {isa = PBXBuildFile; fileRef = 109D5D07EC1C32EABD7EA1D3 /* TokenStore.swift */; };
		C8133A70261DC0AD4DB4FB11 /* Montserrat-MediumItalic.ttf in Resources */ = {isa = PBXBuildFile; fileRef = 29A007BFDAD7ACDDC524BC0B /* Montserrat-MediumItalic.ttf */; };
		C8E10055FFA00946E39803E9 /* Montserrat-LightItalic.ttf in Resources */ = {isa = PBXBuildFile; fileRef = 0A8CE9FB8CA1CFA9613EBC9E /* Montserrat-LightItalic.ttf */; };
		CBEF7CAE930558BB54FE36CA /* Montserrat-Medium.ttf in Resources */ = {isa = PBXBuildFile; fileRef = D6F55E295D5E2FDF6D36AC26 /* Montserrat-Medium.ttf */; };
		CEA81D28491DCD9391CC456C /* Montserrat-ExtraLightItalic.ttf in Resources */ = {isa = PBXBuildFile; fileRef = 26BEED91D49DBCD7E8AF1BE5 /* Montserrat-ExtraLightItalic.ttf */; };
		D473171442A3719D46B0CE2F /* LanguageSwitcherView.swift in Sources */ = {isa = PBXBuildFile; fileRef = 9B196F0F0DD9B906E7F21209 /* LanguageSwitcherView.swift */; };
		D825C207908B54B07E6BD734 /* Montserrat-SemiBoldItalic.otf in Resources */ = {isa = PBXBuildFile; fileRef = 5A0363EC25D0E251CC217549 /* Montserrat-SemiBoldItalic.otf */; };
		D9D40FFF9CCD2400DC75241C /* TabRouter.swift in Sources */ = {isa = PBXBuildFile; fileRef = B146B0F8E927E941E302385A /* TabRouter.swift */; };
		DB4C70E444E54AB0BFC43C0B /* PrimaryButton.swift in Sources */ = {isa = PBXBuildFile; fileRef = 297B980CFF09B525D8A38840 /* PrimaryButton.swift */; };
		DD265D84EE7E02A16A492461 /* Montserrat-Medium.otf in Resources */ = {isa = PBXBuildFile; fileRef = 0E62C1F744B9D3F74C0554A0 /* Montserrat-Medium.otf */; };
		DD4394F9121C81C608C7184C /* Config.swift in Sources */ = {isa = PBXBuildFile; fileRef = AC8D219B9763ABD2DC4619BC /* Config.swift */; };
		E049B6690C3EC76E750B77D5 /* ClinicDetailView.swift in Sources */ = {isa = PBXBuildFile; fileRef = 4C6432B21DAF644F703CEB43 /* ClinicDetailView.swift */; };
		E08F8A89EAE476FB09D46653 /* HomeView.swift in Sources */ = {isa = PBXBuildFile; fileRef = AA089FA17DEBCDCCE09D59A2 /* HomeView.swift */; };
		E13292DBC7894727988BEDDE /* Montserrat-ExtraBoldItalic.ttf in Resources */ = {isa = PBXBuildFile; fileRef = C0F002CEC7DA2518AE0A9CBF /* Montserrat-ExtraBoldItalic.ttf */; };
		E132A9DA473740FC94B37E0C /* MedicalRecordsView.swift in Sources */ = {isa = PBXBuildFile; fileRef = A7B3669DFD05AE21BCE40DD5 /* MedicalRecordsView.swift */; };
		E5A54A6A5EBCA1CBFFB253A5 /* Montserrat-BoldItalic.otf in Resources */ = {isa = PBXBuildFile; fileRef = 44FE0142F377564BFEE485A6 /* Montserrat-BoldItalic.otf */; };
		E714BF839C0E430BFAA9EC41 /* AppointmentView.swift in Sources */ = {isa = PBXBuildFile; fileRef = 23F22ACA98F8618C7EC74B3F /* AppointmentView.swift */; };
		E7687E3A646E02AEAF4CB405 /* Montserrat-Regular.ttf in Resources */ = {isa = PBXBuildFile; fileRef = BA0F2F962C19FED377AE74A5 /* Montserrat-Regular.ttf */; };
		F0CBB3D8E2A4E67A84CDBC96 /* Montserrat-ExtraLight.otf in Resources */ = {isa = PBXBuildFile; fileRef = 22DDFD4B7E7E5037612ECDF5 /* Montserrat-ExtraLight.otf */; };
		F2995E514BC96A1EF6F6B19A /* Montserrat-MediumItalic.otf in Resources */ = {isa = PBXBuildFile; fileRef = 41508C9CCF66474440863E81 /* Montserrat-MediumItalic.otf */; };
		F305E29B06ACF7E79269A2C6 /* Montserrat-ExtraLight.ttf in Resources */ = {isa = PBXBuildFile; fileRef = 9DE76E508D121C10CF15BE8E /* Montserrat-ExtraLight.ttf */; };
		F44FB9F0029D22FE5D0CC179 /* LoadingCard.swift in Sources */ = {isa = PBXBuildFile; fileRef = A689EFEAA74CE01755A0DCA2 /* LoadingCard.swift */; };
		F493B1A88FE80340D98CD426 /* AppState.swift in Sources */ = {isa = PBXBuildFile; fileRef = 16D69D635A86E48E506C0E38 /* AppState.swift */; };
		F6B857AF62EDBEFC9CA0BCD6 /* Montserrat-SemiBold.otf in Resources */ = {isa = PBXBuildFile; fileRef = BA9E2DAC388BA8C84EC6D486 /* Montserrat-SemiBold.otf */; };
		F75AC3A68C823A8B7DD91D64 /* Montserrat-Thin.ttf in Resources */ = {isa = PBXBuildFile; fileRef = 4D75D47D05109450297BB3FF /* Montserrat-Thin.ttf */; };
		F7873648654A8337B71C6D88 /* ClinicStore.swift in Sources */ = {isa = PBXBuildFile; fileRef = F39BB87B7DAAE81F9349606D /* ClinicStore.swift */; };
		F8771722431822496C1377E1 /* PillButton.swift in Sources */ = {isa = PBXBuildFile; fileRef = 3BF6018537DE6A99554669F6 /* PillButton.swift */; };
		FAEFF583C19ED4B04843A738 /* Montserrat-SemiBold.ttf in Resources */ = {isa = PBXBuildFile; fileRef = DB12A8B5596761B4E470E369 /* Montserrat-SemiBold.ttf */; };
		FBD22CD02F7BEADE2DF3D240 /* TabBarView.swift in Sources */ = {isa = PBXBuildFile; fileRef = 971DB00022F80A4CD3BE1911 /* TabBarView.swift */; };
/* End PBXBuildFile section */

/* Begin PBXFileReference section */
		02A84EECEA2B010D66A72C6F /* Montserrat-ExtraLightItalic.otf */ = {isa = PBXFileReference; lastKnownFileType = file; path = "Montserrat-ExtraLightItalic.otf"; sourceTree = "<group>"; };
		056FD6F4936942487D4691EA /* Montserrat-Light.ttf */ = {isa = PBXFileReference; lastKnownFileType = file; path = "Montserrat-Light.ttf"; sourceTree = "<group>"; };
		0A8CE9FB8CA1CFA9613EBC9E /* Montserrat-LightItalic.ttf */ = {isa = PBXFileReference; lastKnownFileType = file; path = "Montserrat-LightItalic.ttf"; sourceTree = "<group>"; };
		0D87F4617306D3B8021A1309 /* Montserrat-LightItalic.otf */ = {isa = PBXFileReference; lastKnownFileType = file; path = "Montserrat-LightItalic.otf"; sourceTree = "<group>"; };
		0E62C1F744B9D3F74C0554A0 /* Montserrat-Medium.otf */ = {isa = PBXFileReference; lastKnownFileType = file; path = "Montserrat-Medium.otf"; sourceTree = "<group>"; };
		0FBAE45E8091C454335AE9D8 /* Montserrat-SemiBoldItalic.ttf */ = {isa = PBXFileReference; lastKnownFileType = file; path = "Montserrat-SemiBoldItalic.ttf"; sourceTree = "<group>"; };
		109D5D07EC1C32EABD7EA1D3 /* TokenStore.swift */ = {isa = PBXFileReference; lastKnownFileType = sourcecode.swift; path = TokenStore.swift; sourceTree = "<group>"; };
		16D69D635A86E48E506C0E38 /* AppState.swift */ = {isa = PBXFileReference; lastKnownFileType = sourcecode.swift; path = AppState.swift; sourceTree = "<group>"; };
		22DDFD4B7E7E5037612ECDF5 /* Montserrat-ExtraLight.otf */ = {isa = PBXFileReference; lastKnownFileType = file; path = "Montserrat-ExtraLight.otf"; sourceTree = "<group>"; };
		23F22ACA98F8618C7EC74B3F /* AppointmentView.swift */ = {isa = PBXFileReference; lastKnownFileType = sourcecode.swift; path = AppointmentView.swift; sourceTree = "<group>"; };
		242EC847D69B5C1AC8015A87 /* Montserrat-Bold.ttf */ = {isa = PBXFileReference; lastKnownFileType = file; path = "Montserrat-Bold.ttf"; sourceTree = "<group>"; };
		24A7BDD1A15CF3E0CF10B6B5 /* Montserrat-BoldItalic.ttf */ = {isa = PBXFileReference; lastKnownFileType = file; path = "Montserrat-BoldItalic.ttf"; sourceTree = "<group>"; };
		26BEED91D49DBCD7E8AF1BE5 /* Montserrat-ExtraLightItalic.ttf */ = {isa = PBXFileReference; lastKnownFileType = file; path = "Montserrat-ExtraLightItalic.ttf"; sourceTree = "<group>"; };
		297B980CFF09B525D8A38840 /* PrimaryButton.swift */ = {isa = PBXFileReference; lastKnownFileType = sourcecode.swift; path = PrimaryButton.swift; sourceTree = "<group>"; };
		29A007BFDAD7ACDDC524BC0B /* Montserrat-MediumItalic.ttf */ = {isa = PBXFileReference; lastKnownFileType = file; path = "Montserrat-MediumItalic.ttf"; sourceTree = "<group>"; };
		2BDFC04C38DC7D7B922BB69F /* Info.plist */ = {isa = PBXFileReference; lastKnownFileType = text.plist; path = Info.plist; sourceTree = "<group>"; };
		2F373F76B53F9A976A870CBC /* Montserrat-Italic.otf */ = {isa = PBXFileReference; lastKnownFileType = file; path = "Montserrat-Italic.otf"; sourceTree = "<group>"; };
		31638FEBD2CF84509073256B /* Montserrat-Black.otf */ = {isa = PBXFileReference; lastKnownFileType = file; path = "Montserrat-Black.otf"; sourceTree = "<group>"; };
		3597A849F7856D4348BFB702 /* Montserrat-Italic.ttf */ = {isa = PBXFileReference; lastKnownFileType = file; path = "Montserrat-Italic.ttf"; sourceTree = "<group>"; };
		36E63A65361E4D94DD43462A /* Montserrat-Bold.otf */ = {isa = PBXFileReference; lastKnownFileType = file; path = "Montserrat-Bold.otf"; sourceTree = "<group>"; };
		3AC34EC8C9A2773BDC37DBCC /* Models.swift */ = {isa = PBXFileReference; lastKnownFileType = sourcecode.swift; path = Models.swift; sourceTree = "<group>"; };
		3BF6018537DE6A99554669F6 /* PillButton.swift */ = {isa = PBXFileReference; lastKnownFileType = sourcecode.swift; path = PillButton.swift; sourceTree = "<group>"; };
		41508C9CCF66474440863E81 /* Montserrat-MediumItalic.otf */ = {isa = PBXFileReference; lastKnownFileType = file; path = "Montserrat-MediumItalic.otf"; sourceTree = "<group>"; };
		436DD8D95421394095C03860 /* KeychainStore.swift */ = {isa = PBXFileReference; lastKnownFileType = sourcecode.swift; path = KeychainStore.swift; sourceTree = "<group>"; };
		44FE0142F377564BFEE485A6 /* Montserrat-BoldItalic.otf */ = {isa = PBXFileReference; lastKnownFileType = file; path = "Montserrat-BoldItalic.otf"; sourceTree = "<group>"; };
		4C6432B21DAF644F703CEB43 /* ClinicDetailView.swift */ = {isa = PBXFileReference; lastKnownFileType = sourcecode.swift; path = ClinicDetailView.swift; sourceTree = "<group>"; };
		4D75D47D05109450297BB3FF /* Montserrat-Thin.ttf */ = {isa = PBXFileReference; lastKnownFileType = file; path = "Montserrat-Thin.ttf"; sourceTree = "<group>"; };
		5934E8C5E6BA9E618F02B202 /* ChipView.swift */ = {isa = PBXFileReference; lastKnownFileType = sourcecode.swift; path = ChipView.swift; sourceTree = "<group>"; };
		5A0363EC25D0E251CC217549 /* Montserrat-SemiBoldItalic.otf */ = {isa = PBXFileReference; lastKnownFileType = file; path = "Montserrat-SemiBoldItalic.otf"; sourceTree = "<group>"; };
		68C064D006D3004AF2E2C5D2 /* SearchView.swift */ = {isa = PBXFileReference; lastKnownFileType = sourcecode.swift; path = SearchView.swift; sourceTree = "<group>"; };
		6F23956D3838C40AE2C11747 /* TranslationService.swift */ = {isa = PBXFileReference; lastKnownFileType = sourcecode.swift; path = TranslationService.swift; sourceTree = "<group>"; };
		6F94E93FBCB7F8CDAA6A78E2 /* Montserrat-Light.otf */ = {isa = PBXFileReference; lastKnownFileType = file; path = "Montserrat-Light.otf"; sourceTree = "<group>"; };
		715E32C4075181C4F2AE5245 /* DocDaisyView.swift */ = {isa = PBXFileReference; lastKnownFileType = sourcecode.swift; path = DocDaisyView.swift; sourceTree = "<group>"; };
		7A9DC20E42A0106AABD0D0CD /* MedicalVault.swift */ = {isa = PBXFileReference; lastKnownFileType = sourcecode.swift; path = MedicalVault.swift; sourceTree = "<group>"; };
		7C7F4347A066AE261DC3CAA9 /* Montserrat-ExtraBold.otf */ = {isa = PBXFileReference; lastKnownFileType = file; path = "Montserrat-ExtraBold.otf"; sourceTree = "<group>"; };
		7D2B3C686EF60AFA3C64FBB5 /* SearchViewModel.swift */ = {isa = PBXFileReference; lastKnownFileType = sourcecode.swift; path = SearchViewModel.swift; sourceTree = "<group>"; };
		7FF68982F2DDD102FD7D3CDA /* DocDaisyBannerView.swift */ = {isa = PBXFileReference; lastKnownFileType = sourcecode.swift; path = DocDaisyBannerView.swift; sourceTree = "<group>"; };
		84CCD3E0B951153F7FAF026C /* SectionCard.swift */ = {isa = PBXFileReference; lastKnownFileType = sourcecode.swift; path = SectionCard.swift; sourceTree = "<group>"; };
		85AAFBD6F0EAC6D931955D30 /* ClinicCardView.swift */ = {isa = PBXFileReference; lastKnownFileType = sourcecode.swift; path = ClinicCardView.swift; sourceTree = "<group>"; };
		899A262683F9363F38336123 /* DocNearMeiOS.app */ = {isa = PBXFileReference; explicitFileType = wrapper.application; includeInIndex = 0; path = DocNearMeiOS.app; sourceTree = BUILT_PRODUCTS_DIR; };
		8E552C41749BC3E0AF52EBC6 /* RecaptchaWebView.swift */ = {isa = PBXFileReference; lastKnownFileType = sourcecode.swift; path = RecaptchaWebView.swift; sourceTree = "<group>"; };
		902253E8733D98FB51AB2B60 /* Montserrat-ThinItalic.otf */ = {isa = PBXFileReference; lastKnownFileType = file; path = "Montserrat-ThinItalic.otf"; sourceTree = "<group>"; };
		90AF6CAFEBC20B1641109DB5 /* LocationCardView.swift */ = {isa = PBXFileReference; lastKnownFileType = sourcecode.swift; path = LocationCardView.swift; sourceTree = "<group>"; };
		91D2ECD4A7731264D682B5AB /* Montserrat-Regular.otf */ = {isa = PBXFileReference; lastKnownFileType = file; path = "Montserrat-Regular.otf"; sourceTree = "<group>"; };
		930CD8730608EC1339EDF600 /* TranslatedText.swift */ = {isa = PBXFileReference; lastKnownFileType = sourcecode.swift; path = TranslatedText.swift; sourceTree = "<group>"; };
		95724C1430C489D4F6F788B1 /* QuickActionTile.swift */ = {isa = PBXFileReference; lastKnownFileType = sourcecode.swift; path = QuickActionTile.swift; sourceTree = "<group>"; };
		971DB00022F80A4CD3BE1911 /* TabBarView.swift */ = {isa = PBXFileReference; lastKnownFileType = sourcecode.swift; path = TabBarView.swift; sourceTree = "<group>"; };
		9B196F0F0DD9B906E7F21209 /* LanguageSwitcherView.swift */ = {isa = PBXFileReference; lastKnownFileType = sourcecode.swift; path = LanguageSwitcherView.swift; sourceTree = "<group>"; };
		9DE76E508D121C10CF15BE8E /* Montserrat-ExtraLight.ttf */ = {isa = PBXFileReference; lastKnownFileType = file; path = "Montserrat-ExtraLight.ttf"; sourceTree = "<group>"; };
		A01ACA8C5BC31A4FB44C7034 /* Montserrat-BlackItalic.otf */ = {isa = PBXFileReference; lastKnownFileType = file; path = "Montserrat-BlackItalic.otf"; sourceTree = "<group>"; };
		A1932A6EE52DC0C36E7CBE45 /* Theme.swift */ = {isa = PBXFileReference; lastKnownFileType = sourcecode.swift; path = Theme.swift; sourceTree = "<group>"; };
		A250A7D54B87E1FE0A5EBBC6 /* Montserrat-ThinItalic.ttf */ = {isa = PBXFileReference; lastKnownFileType = file; path = "Montserrat-ThinItalic.ttf"; sourceTree = "<group>"; };
		A689EFEAA74CE01755A0DCA2 /* LoadingCard.swift */ = {isa = PBXFileReference; lastKnownFileType = sourcecode.swift; path = LoadingCard.swift; sourceTree = "<group>"; };
		A7B3669DFD05AE21BCE40DD5 /* MedicalRecordsView.swift */ = {isa = PBXFileReference; lastKnownFileType = sourcecode.swift; path = MedicalRecordsView.swift; sourceTree = "<group>"; };
		AA089FA17DEBCDCCE09D59A2 /* HomeView.swift */ = {isa = PBXFileReference; lastKnownFileType = sourcecode.swift; path = HomeView.swift; sourceTree = "<group>"; };
		AC8D219B9763ABD2DC4619BC /* Config.swift */ = {isa = PBXFileReference; lastKnownFileType = sourcecode.swift; path = Config.swift; sourceTree = "<group>"; };
		AD2FF00B0584B99C5559D1C7 /* Montserrat-Black.ttf */ = {isa = PBXFileReference; lastKnownFileType = file; path = "Montserrat-Black.ttf"; sourceTree = "<group>"; };
		B146B0F8E927E941E302385A /* TabRouter.swift */ = {isa = PBXFileReference; lastKnownFileType = sourcecode.swift; path = TabRouter.swift; sourceTree = "<group>"; };
		B43C67BD756C7DBFC6D23E05 /* RootTabView.swift */ = {isa = PBXFileReference; lastKnownFileType = sourcecode.swift; path = RootTabView.swift; sourceTree = "<group>"; };
		B4AC05D108BED676A876E31D /* LocationViewModel.swift */ = {isa = PBXFileReference; lastKnownFileType = sourcecode.swift; path = LocationViewModel.swift; sourceTree = "<group>"; };
		BA0F2F962C19FED377AE74A5 /* Montserrat-Regular.ttf */ = {isa = PBXFileReference; lastKnownFileType = file; path = "Montserrat-Regular.ttf"; sourceTree = "<group>"; };
		BA1328218DDDACDF7B9C819B /* AuthView.swift */ = {isa = PBXFileReference; lastKnownFileType = sourcecode.swift; path = AuthView.swift; sourceTree = "<group>"; };
		BA9E2DAC388BA8C84EC6D486 /* Montserrat-SemiBold.otf */ = {isa = PBXFileReference; lastKnownFileType = file; path = "Montserrat-SemiBold.otf"; sourceTree = "<group>"; };
		BD9BBF48395E863B7A780E16 /* Montserrat-BlackItalic.ttf */ = {isa = PBXFileReference; lastKnownFileType = file; path = "Montserrat-BlackItalic.ttf"; sourceTree = "<group>"; };
		C0F002CEC7DA2518AE0A9CBF /* Montserrat-ExtraBoldItalic.ttf */ = {isa = PBXFileReference; lastKnownFileType = file; path = "Montserrat-ExtraBoldItalic.ttf"; sourceTree = "<group>"; };
		C37BD56391E2A071D0A31C2D /* Montserrat-ExtraBold.ttf */ = {isa = PBXFileReference; lastKnownFileType = file; path = "Montserrat-ExtraBold.ttf"; sourceTree = "<group>"; };
		CABCB41D57A4318EABF40D6C /* ShadowBadge.swift */ = {isa = PBXFileReference; lastKnownFileType = sourcecode.swift; path = ShadowBadge.swift; sourceTree = "<group>"; };
		CB333E2E468266AF80BF7220 /* OFL.txt */ = {isa = PBXFileReference; lastKnownFileType = text; path = OFL.txt; sourceTree = "<group>"; };
		D3BDE6E6FE94ACBE2DC2DC12 /* ProfileView.swift */ = {isa = PBXFileReference; lastKnownFileType = sourcecode.swift; path = ProfileView.swift; sourceTree = "<group>"; };
		D4B50151650D646DD2032A1F /* DistanceCalculator.swift */ = {isa = PBXFileReference; lastKnownFileType = sourcecode.swift; path = DistanceCalculator.swift; sourceTree = "<group>"; };
		D6F55E295D5E2FDF6D36AC26 /* Montserrat-Medium.ttf */ = {isa = PBXFileReference; lastKnownFileType = file; path = "Montserrat-Medium.ttf"; sourceTree = "<group>"; };
		D74EBB3FCFAEB68DC69506C2 /* ClinicsView.swift */ = {isa = PBXFileReference; lastKnownFileType = sourcecode.swift; path = ClinicsView.swift; sourceTree = "<group>"; };
		DB12A8B5596761B4E470E369 /* Montserrat-SemiBold.ttf */ = {isa = PBXFileReference; lastKnownFileType = file; path = "Montserrat-SemiBold.ttf"; sourceTree = "<group>"; };
		DFE5DF16A23FF29777AA7AF9 /* AddressSearchViewModel.swift */ = {isa = PBXFileReference; lastKnownFileType = sourcecode.swift; path = AddressSearchViewModel.swift; sourceTree = "<group>"; };
		E7F11FD9C763AF6362D17A7C /* DocNearMeApp.swift */ = {isa = PBXFileReference; lastKnownFileType = sourcecode.swift; path = DocNearMeApp.swift; sourceTree = "<group>"; };
		EAAC88817F028EBB795E5272 /* AppointmentViewModel.swift */ = {isa = PBXFileReference; lastKnownFileType = sourcecode.swift; path = AppointmentViewModel.swift; sourceTree = "<group>"; };
		EAD6A598452AA9B52ECDCDA8 /* Montserrat-ExtraBoldItalic.otf */ = {isa = PBXFileReference; lastKnownFileType = file; path = "Montserrat-ExtraBoldItalic.otf"; sourceTree = "<group>"; };
		F2C18045ACA65E71D6990FBD /* Assets.xcassets */ = {isa = PBXFileReference; lastKnownFileType = folder.assetcatalog; path = Assets.xcassets; sourceTree = "<group>"; };
		F39BB87B7DAAE81F9349606D /* ClinicStore.swift */ = {isa = PBXFileReference; lastKnownFileType = sourcecode.swift; path = ClinicStore.swift; sourceTree = "<group>"; };
		F594A5932B31BB12379470FF /* APIClient.swift */ = {isa = PBXFileReference; lastKnownFileType = sourcecode.swift; path = APIClient.swift; sourceTree = "<group>"; };
		F9C5952B21AD6896BB73D7A1 /* Montserrat-Thin.otf */ = {isa = PBXFileReference; lastKnownFileType = file; path = "Montserrat-Thin.otf"; sourceTree = "<group>"; };
/* End PBXFileReference section */

/* Begin PBXFrameworksBuildPhase section */
		9197B5816FFE6413B91301CC /* Frameworks */ = {
			isa = PBXFrameworksBuildPhase;
			buildActionMask = 2147483647;
			files = (
				0631691DCE353810DA9E8AAB /* CryptoSwift in Frameworks */,
			);
			runOnlyForDeploymentPostprocessing = 0;
		};
/* End PBXFrameworksBuildPhase section */

/* Begin PBXGroup section */
		6E8216FA8CA575CD4A46DCB3 = {
			isa = PBXGroup;
			children = (
				7A3C88C8DC918AE1AC1A2E00 /* Sources */,
				D40D056756A639EB77ADD9D6 /* Products */,
			);
			sourceTree = "<group>";
		};
		7A3C88C8DC918AE1AC1A2E00 /* Sources */ = {
			isa = PBXGroup;
			children = (
				EA3EA7F4A90502C22B471D76 /* DocNearMeiOS */,
			);
			path = Sources;
			sourceTree = "<group>";
		};
		7D7161D74AAEA50A93C8DEFE /* montserrat */ = {
			isa = PBXGroup;
			children = (
				31638FEBD2CF84509073256B /* Montserrat-Black.otf */,
				AD2FF00B0584B99C5559D1C7 /* Montserrat-Black.ttf */,
				A01ACA8C5BC31A4FB44C7034 /* Montserrat-BlackItalic.otf */,
				BD9BBF48395E863B7A780E16 /* Montserrat-BlackItalic.ttf */,
				36E63A65361E4D94DD43462A /* Montserrat-Bold.otf */,
				242EC847D69B5C1AC8015A87 /* Montserrat-Bold.ttf */,
				44FE0142F377564BFEE485A6 /* Montserrat-BoldItalic.otf */,
				24A7BDD1A15CF3E0CF10B6B5 /* Montserrat-BoldItalic.ttf */,
				7C7F4347A066AE261DC3CAA9 /* Montserrat-ExtraBold.otf */,
				C37BD56391E2A071D0A31C2D /* Montserrat-ExtraBold.ttf */,
				EAD6A598452AA9B52ECDCDA8 /* Montserrat-ExtraBoldItalic.otf */,
				C0F002CEC7DA2518AE0A9CBF /* Montserrat-ExtraBoldItalic.ttf */,
				22DDFD4B7E7E5037612ECDF5 /* Montserrat-ExtraLight.otf */,
				9DE76E508D121C10CF15BE8E /* Montserrat-ExtraLight.ttf */,
				02A84EECEA2B010D66A72C6F /* Montserrat-ExtraLightItalic.otf */,
				26BEED91D49DBCD7E8AF1BE5 /* Montserrat-ExtraLightItalic.ttf */,
				2F373F76B53F9A976A870CBC /* Montserrat-Italic.otf */,
				3597A849F7856D4348BFB702 /* Montserrat-Italic.ttf */,
				6F94E93FBCB7F8CDAA6A78E2 /* Montserrat-Light.otf */,
				056FD6F4936942487D4691EA /* Montserrat-Light.ttf */,
				0D87F4617306D3B8021A1309 /* Montserrat-LightItalic.otf */,
				0A8CE9FB8CA1CFA9613EBC9E /* Montserrat-LightItalic.ttf */,
				0E62C1F744B9D3F74C0554A0 /* Montserrat-Medium.otf */,
				D6F55E295D5E2FDF6D36AC26 /* Montserrat-Medium.ttf */,
				41508C9CCF66474440863E81 /* Montserrat-MediumItalic.otf */,
				29A007BFDAD7ACDDC524BC0B /* Montserrat-MediumItalic.ttf */,
				91D2ECD4A7731264D682B5AB /* Montserrat-Regular.otf */,
				BA0F2F962C19FED377AE74A5 /* Montserrat-Regular.ttf */,
				BA9E2DAC388BA8C84EC6D486 /* Montserrat-SemiBold.otf */,
				DB12A8B5596761B4E470E369 /* Montserrat-SemiBold.ttf */,
				5A0363EC25D0E251CC217549 /* Montserrat-SemiBoldItalic.otf */,
				0FBAE45E8091C454335AE9D8 /* Montserrat-SemiBoldItalic.ttf */,
				F9C5952B21AD6896BB73D7A1 /* Montserrat-Thin.otf */,
				4D75D47D05109450297BB3FF /* Montserrat-Thin.ttf */,
				902253E8733D98FB51AB2B60 /* Montserrat-ThinItalic.otf */,
				A250A7D54B87E1FE0A5EBBC6 /* Montserrat-ThinItalic.ttf */,
				CB333E2E468266AF80BF7220 /* OFL.txt */,
			);
			path = montserrat;
			sourceTree = "<group>";
		};
		A223DF953D451D9ACD86AE95 /* Components */ = {
			isa = PBXGroup;
			children = (
				5934E8C5E6BA9E618F02B202 /* ChipView.swift */,
				85AAFBD6F0EAC6D931955D30 /* ClinicCardView.swift */,
				7FF68982F2DDD102FD7D3CDA /* DocDaisyBannerView.swift */,
				9B196F0F0DD9B906E7F21209 /* LanguageSwitcherView.swift */,
				A689EFEAA74CE01755A0DCA2 /* LoadingCard.swift */,
				90AF6CAFEBC20B1641109DB5 /* LocationCardView.swift */,
				3BF6018537DE6A99554669F6 /* PillButton.swift */,
				297B980CFF09B525D8A38840 /* PrimaryButton.swift */,
				95724C1430C489D4F6F788B1 /* QuickActionTile.swift */,
				8E552C41749BC3E0AF52EBC6 /* RecaptchaWebView.swift */,
				84CCD3E0B951153F7FAF026C /* SectionCard.swift */,
				CABCB41D57A4318EABF40D6C /* ShadowBadge.swift */,
				971DB00022F80A4CD3BE1911 /* TabBarView.swift */,
				930CD8730608EC1339EDF600 /* TranslatedText.swift */,
			);
			path = Components;
			sourceTree = "<group>";
		};
		D40D056756A639EB77ADD9D6 /* Products */ = {
			isa = PBXGroup;
			children = (
				899A262683F9363F38336123 /* DocNearMeiOS.app */,
			);
			name = Products;
			sourceTree = "<group>";
		};
		EA3EA7F4A90502C22B471D76 /* DocNearMeiOS */ = {
			isa = PBXGroup;
			children = (
				DFE5DF16A23FF29777AA7AF9 /* AddressSearchViewModel.swift */,
				F594A5932B31BB12379470FF /* APIClient.swift */,
				23F22ACA98F8618C7EC74B3F /* AppointmentView.swift */,
				EAAC88817F028EBB795E5272 /* AppointmentViewModel.swift */,
				16D69D635A86E48E506C0E38 /* AppState.swift */,
				F2C18045ACA65E71D6990FBD /* Assets.xcassets */,
				BA1328218DDDACDF7B9C819B /* AuthView.swift */,
				4C6432B21DAF644F703CEB43 /* ClinicDetailView.swift */,
				F39BB87B7DAAE81F9349606D /* ClinicStore.swift */,
				D74EBB3FCFAEB68DC69506C2 /* ClinicsView.swift */,
				AC8D219B9763ABD2DC4619BC /* Config.swift */,
				D4B50151650D646DD2032A1F /* DistanceCalculator.swift */,
				715E32C4075181C4F2AE5245 /* DocDaisyView.swift */,
				E7F11FD9C763AF6362D17A7C /* DocNearMeApp.swift */,
				AA089FA17DEBCDCCE09D59A2 /* HomeView.swift */,
				2BDFC04C38DC7D7B922BB69F /* Info.plist */,
				436DD8D95421394095C03860 /* KeychainStore.swift */,
				B4AC05D108BED676A876E31D /* LocationViewModel.swift */,
				A7B3669DFD05AE21BCE40DD5 /* MedicalRecordsView.swift */,
				7A9DC20E42A0106AABD0D0CD /* MedicalVault.swift */,
				3AC34EC8C9A2773BDC37DBCC /* Models.swift */,
				D3BDE6E6FE94ACBE2DC2DC12 /* ProfileView.swift */,
				B43C67BD756C7DBFC6D23E05 /* RootTabView.swift */,
				68C064D006D3004AF2E2C5D2 /* SearchView.swift */,
				7D2B3C686EF60AFA3C64FBB5 /* SearchViewModel.swift */,
				B146B0F8E927E941E302385A /* TabRouter.swift */,
				A1932A6EE52DC0C36E7CBE45 /* Theme.swift */,
				109D5D07EC1C32EABD7EA1D3 /* TokenStore.swift */,
				6F23956D3838C40AE2C11747 /* TranslationService.swift */,
				A223DF953D451D9ACD86AE95 /* Components */,
				7D7161D74AAEA50A93C8DEFE /* montserrat */,
			);
			path = DocNearMeiOS;
			sourceTree = "<group>";
		};
/* End PBXGroup section */

/* Begin PBXNativeTarget section */
		65DCE0E3569E6A02D61BB45E /* DocNearMeiOS */ = {
			isa = PBXNativeTarget;
			buildConfigurationList = D425A51318A321654F81E0CC /* Build configuration list for PBXNativeTarget "DocNearMeiOS" */;
			buildPhases = (
				496D01DB4EAE651111EBF71E /* Sources */,
				4CEB97615D5FBBE34BF392A0 /* Resources */,
				9197B5816FFE6413B91301CC /* Frameworks */,
			);
			buildRules = (
			);
			dependencies = (
			);
			name = DocNearMeiOS;
			packageProductDependencies = (
				16B556ABDDDA9294A142F5AA /* CryptoSwift */,
			);
			productName = DocNearMeiOS;
			productReference = 899A262683F9363F38336123 /* DocNearMeiOS.app */;
			productType = "com.apple.product-type.application";
		};
/* End PBXNativeTarget section */

/* Begin PBXProject section */
		B667076F1FB393B4A396C4D6 /* Project object */ = {
			isa = PBXProject;
			attributes = {
				BuildIndependentTargetsInParallel = YES;
				LastUpgradeCheck = 1430;
			};
			buildConfigurationList = E5CED6E999673C97DA5A8C65 /* Build configuration list for PBXProject "DocNearMeiOS" */;
			compatibilityVersion = "Xcode 14.0";
			developmentRegion = en;
			hasScannedForEncodings = 0;
			knownRegions = (
				Base,
				en,
			);
			mainGroup = 6E8216FA8CA575CD4A46DCB3;
			minimizedProjectReferenceProxies = 1;
			packageReferences = (
				62B41287AC63C7153B4330E7 /* XCRemoteSwiftPackageReference "CryptoSwift" */,
			);
			projectDirPath = "";
			projectRoot = "";
			targets = (
				65DCE0E3569E6A02D61BB45E /* DocNearMeiOS */,
			);
		};
/* End PBXProject section */

/* Begin PBXResourcesBuildPhase section */
		4CEB97615D5FBBE34BF392A0 /* Resources */ = {
			isa = PBXResourcesBuildPhase;
			buildActionMask = 2147483647;
			files = (
				57FD9DA9808FE36026E098CB /* Assets.xcassets in Resources */,
				933F158566CD649B577C54E7 /* Montserrat-Black.otf in Resources */,
				5E7CF431386153BD1621931E /* Montserrat-Black.ttf in Resources */,
				7FA9DEE8B36A023CF6D1C091 /* Montserrat-BlackItalic.otf in Resources */,
				7D06E81CF12FA254FB7F0645 /* Montserrat-BlackItalic.ttf in Resources */,
				39C40719A949201F12D50582 /* Montserrat-Bold.otf in Resources */,
				2BE849336353B76EE0596C64 /* Montserrat-Bold.ttf in Resources */,
				E5A54A6A5EBCA1CBFFB253A5 /* Montserrat-BoldItalic.otf in Resources */,
				15852891E0B73ACC7343467E /* Montserrat-BoldItalic.ttf in Resources */,
				6698D94D0A95A73553071F04 /* Montserrat-ExtraBold.otf in Resources */,
				674E208A70D5F091168BE9E6 /* Montserrat-ExtraBold.ttf in Resources */,
				6925DE1D667F2094B6A328B8 /* Montserrat-ExtraBoldItalic.otf in Resources */,
				E13292DBC7894727988BEDDE /* Montserrat-ExtraBoldItalic.ttf in Resources */,
				F0CBB3D8E2A4E67A84CDBC96 /* Montserrat-ExtraLight.otf in Resources */,
				F305E29B06ACF7E79269A2C6 /* Montserrat-ExtraLight.ttf in Resources */,
				9876B2A91EA559A34BFC1CE0 /* Montserrat-ExtraLightItalic.otf in Resources */,
				CEA81D28491DCD9391CC456C /* Montserrat-ExtraLightItalic.ttf in Resources */,
				3D97120B5028DF8896D5CC7D /* Montserrat-Italic.otf in Resources */,
				AAEA242C43D45748E2E86A38 /* Montserrat-Italic.ttf in Resources */,
				B0762A910BF8D773B871B6D6 /* Montserrat-Light.otf in Resources */,
				75EAE407B6CA484CD927B3E8 /* Montserrat-Light.ttf in Resources */,
				4C5861D4F70CE4B748E4F5C4 /* Montserrat-LightItalic.otf in Resources */,
				C8E10055FFA00946E39803E9 /* Montserrat-LightItalic.ttf in Resources */,
				DD265D84EE7E02A16A492461 /* Montserrat-Medium.otf in Resources */,
				CBEF7CAE930558BB54FE36CA /* Montserrat-Medium.ttf in Resources */,
				F2995E514BC96A1EF6F6B19A /* Montserrat-MediumItalic.otf in Resources */,
				C8133A70261DC0AD4DB4FB11 /* Montserrat-MediumItalic.ttf in Resources */,
				0874C5531DD5634280D144CC /* Montserrat-Regular.otf in Resources */,
				E7687E3A646E02AEAF4CB405 /* Montserrat-Regular.ttf in Resources */,
				F6B857AF62EDBEFC9CA0BCD6 /* Montserrat-SemiBold.otf in Resources */,
				FAEFF583C19ED4B04843A738 /* Montserrat-SemiBold.ttf in Resources */,
				D825C207908B54B07E6BD734 /* Montserrat-SemiBoldItalic.otf in Resources */,
				23F3987A38ED5352ABB4CF29 /* Montserrat-SemiBoldItalic.ttf in Resources */,
				A510C3B000B783969F610EF2 /* Montserrat-Thin.otf in Resources */,
				F75AC3A68C823A8B7DD91D64 /* Montserrat-Thin.ttf in Resources */,
				C1561DFE037F4CDE577D706D /* Montserrat-ThinItalic.otf in Resources */,
				79114FD571FF673402E80F6A /* Montserrat-ThinItalic.ttf in Resources */,
				0CF3A0FD7EFCABF77A741CB2 /* OFL.txt in Resources */,
			);
			runOnlyForDeploymentPostprocessing = 0;
		};
/* End PBXResourcesBuildPhase section */

/* Begin PBXSourcesBuildPhase section */
		496D01DB4EAE651111EBF71E /* Sources */ = {
			isa = PBXSourcesBuildPhase;
			buildActionMask = 2147483647;
			files = (
				096D0F0DA3B3C877B0094DA4 /* APIClient.swift in Sources */,
				A13E5F8A7CB25BFC360C4DCE /* AddressSearchViewModel.swift in Sources */,
				F493B1A88FE80340D98CD426 /* AppState.swift in Sources */,
				E714BF839C0E430BFAA9EC41 /* AppointmentView.swift in Sources */,
				67B382544E566130AC6080F6 /* AppointmentViewModel.swift in Sources */,
				A22EA439C5DF871343E5490A /* AuthView.swift in Sources */,
				A0280FFE814C95B0033A85D6 /* ChipView.swift in Sources */,
				36BF5998AE2228A562753DE8 /* ClinicCardView.swift in Sources */,
				E049B6690C3EC76E750B77D5 /* ClinicDetailView.swift in Sources */,
				F7873648654A8337B71C6D88 /* ClinicStore.swift in Sources */,
				89D593C12CFE22E2EA944E96 /* ClinicsView.swift in Sources */,
				DD4394F9121C81C608C7184C /* Config.swift in Sources */,
				6A05E768A1417D7E0ADBD4D7 /* DistanceCalculator.swift in Sources */,
				A564EC2889BE1E50516F269D /* DocDaisyBannerView.swift in Sources */,
				8DCA9A850A88297A2917EBAC /* DocDaisyView.swift in Sources */,
				AA77C2BEC3C76925C1FD2A34 /* DocNearMeApp.swift in Sources */,
				E08F8A89EAE476FB09D46653 /* HomeView.swift in Sources */,
				1D879E7404411DBE172B27F7 /* KeychainStore.swift in Sources */,
				D473171442A3719D46B0CE2F /* LanguageSwitcherView.swift in Sources */,
				F44FB9F0029D22FE5D0CC179 /* LoadingCard.swift in Sources */,
				868E39AF4338FD6EB6655F11 /* LocationCardView.swift in Sources */,
				01882076C746483FECEE1B3F /* LocationViewModel.swift in Sources */,
				E132A9DA473740FC94B37E0C /* MedicalRecordsView.swift in Sources */,
				BB649FCF4A517F357A4C06AE /* MedicalVault.swift in Sources */,
				AE0EC9CA0D47311220DA515B /* Models.swift in Sources */,
				F8771722431822496C1377E1 /* PillButton.swift in Sources */,
				DB4C70E444E54AB0BFC43C0B /* PrimaryButton.swift in Sources */,
				8324FAD25F104503EA03C578 /* ProfileView.swift in Sources */,
				86CB0A8F06B3DBF555E1099D /* QuickActionTile.swift in Sources */,
				A221CC3AF745E7931AD15968 /* RecaptchaWebView.swift in Sources */,
				57E68031B071E5103F311C67 /* RootTabView.swift in Sources */,
				8DBACB1EAF91B301457F85D6 /* SearchView.swift in Sources */,
				17083ED6461977BB6EA844B3 /* SearchViewModel.swift in Sources */,
				2C034067302A9DB2CC0A52ED /* SectionCard.swift in Sources */,
				C43A7B35B40F8DF05845B9D1 /* ShadowBadge.swift in Sources */,
				FBD22CD02F7BEADE2DF3D240 /* TabBarView.swift in Sources */,
				D9D40FFF9CCD2400DC75241C /* TabRouter.swift in Sources */,
				182453D4BC61C2E0383E532C /* Theme.swift in Sources */,
				C46D2A58E24FB44817925926 /* TokenStore.swift in Sources */,
				4FEF4A4DCA8CF8306CADB849 /* TranslatedText.swift in Sources */,
				89CE82F1BEC8324B8970920B /* TranslationService.swift in Sources */,
			);
			runOnlyForDeploymentPostprocessing = 0;
		};
/* End PBXSourcesBuildPhase section */

/* Begin XCBuildConfiguration section */
		7F25B3FF1C593C7BEA426EDC /* Debug */ = {
			isa = XCBuildConfiguration;
			buildSettings = {
				ALWAYS_SEARCH_USER_PATHS = NO;
				CLANG_ANALYZER_NONNULL = YES;
				CLANG_ANALYZER_NUMBER_OBJECT_CONVERSION = YES_AGGRESSIVE;
				CLANG_CXX_LANGUAGE_STANDARD = "gnu++14";
				CLANG_CXX_LIBRARY = "libc++";
				CLANG_ENABLE_MODULES = YES;
				CLANG_ENABLE_OBJC_ARC = YES;
				CLANG_ENABLE_OBJC_WEAK = YES;
				CLANG_WARN_BLOCK_CAPTURE_AUTORELEASING = YES;
				CLANG_WARN_BOOL_CONVERSION = YES;
				CLANG_WARN_COMMA = YES;
				CLANG_WARN_CONSTANT_CONVERSION = YES;
				CLANG_WARN_DEPRECATED_OBJC_IMPLEMENTATIONS = YES;
				CLANG_WARN_DIRECT_OBJC_ISA_USAGE = YES_ERROR;
				CLANG_WARN_DOCUMENTATION_COMMENTS = YES;
				CLANG_WARN_EMPTY_BODY = YES;
				CLANG_WARN_ENUM_CONVERSION = YES;
				CLANG_WARN_INFINITE_RECURSION = YES;
				CLANG_WARN_INT_CONVERSION = YES;
				CLANG_WARN_NON_LITERAL_NULL_CONVERSION = YES;
				CLANG_WARN_OBJC_IMPLICIT_RETAIN_SELF = YES;
				CLANG_WARN_OBJC_LITERAL_CONVERSION = YES;
				CLANG_WARN_OBJC_ROOT_CLASS = YES_ERROR;
				CLANG_WARN_QUOTED_INCLUDE_IN_FRAMEWORK_HEADER = YES;
				CLANG_WARN_RANGE_LOOP_ANALYSIS = YES;
				CLANG_WARN_STRICT_PROTOTYPES = YES;
				CLANG_WARN_SUSPICIOUS_MOVE = YES;
				CLANG_WARN_UNGUARDED_AVAILABILITY = YES_AGGRESSIVE;
				CLANG_WARN_UNREACHABLE_CODE = YES;
				CLANG_WARN__DUPLICATE_METHOD_MATCH = YES;
				CODE_SIGN_STYLE = Automatic;
				COPY_PHASE_STRIP = NO;
				DEBUG_INFORMATION_FORMAT = dwarf;
				ENABLE_STRICT_OBJC_MSGSEND = YES;
				ENABLE_TESTABILITY = YES;
				GCC_C_LANGUAGE_STANDARD = gnu11;
				GCC_DYNAMIC_NO_PIC = NO;
				GCC_NO_COMMON_BLOCKS = YES;
				GCC_OPTIMIZATION_LEVEL = 0;
				GCC_PREPROCESSOR_DEFINITIONS = (
					"$(inherited)",
					"DEBUG=1",
				);
				GCC_WARN_64_TO_32_BIT_CONVERSION = YES;
				GCC_WARN_ABOUT_RETURN_TYPE = YES_ERROR;
				GCC_WARN_UNDECLARED_SELECTOR = YES;
				GCC_WARN_UNINITIALIZED_AUTOS = YES_AGGRESSIVE;
				GCC_WARN_UNUSED_FUNCTION = YES;
				GCC_WARN_UNUSED_VARIABLE = YES;
				IPHONEOS_DEPLOYMENT_TARGET = 18.0;
				MTL_ENABLE_DEBUG_INFO = INCLUDE_SOURCE;
				MTL_FAST_MATH = YES;
				ONLY_ACTIVE_ARCH = YES;
				PRODUCT_NAME = "$(TARGET_NAME)";
				SDKROOT = iphoneos;
				SWIFT_ACTIVE_COMPILATION_CONDITIONS = DEBUG;
				SWIFT_OPTIMIZATION_LEVEL = "-Onone";
				SWIFT_VERSION = 5.10;
			};
			name = Debug;
		};
		8507A974A692E6E02E03DFA8 /* Release */ = {
			isa = XCBuildConfiguration;
			buildSettings = {
				ALWAYS_SEARCH_USER_PATHS = NO;
				CLANG_ANALYZER_NONNULL = YES;
				CLANG_ANALYZER_NUMBER_OBJECT_CONVERSION = YES_AGGRESSIVE;
				CLANG_CXX_LANGUAGE_STANDARD = "gnu++14";
				CLANG_CXX_LIBRARY = "libc++";
				CLANG_ENABLE_MODULES = YES;
				CLANG_ENABLE_OBJC_ARC = YES;
				CLANG_ENABLE_OBJC_WEAK = YES;
				CLANG_WARN_BLOCK_CAPTURE_AUTORELEASING = YES;
				CLANG_WARN_BOOL_CONVERSION = YES;
				CLANG_WARN_COMMA = YES;
				CLANG_WARN_CONSTANT_CONVERSION = YES;
				CLANG_WARN_DEPRECATED_OBJC_IMPLEMENTATIONS = YES;
				CLANG_WARN_DIRECT_OBJC_ISA_USAGE = YES_ERROR;
				CLANG_WARN_DOCUMENTATION_COMMENTS = YES;
				CLANG_WARN_EMPTY_BODY = YES;
				CLANG_WARN_ENUM_CONVERSION = YES;
				CLANG_WARN_INFINITE_RECURSION = YES;
				CLANG_WARN_INT_CONVERSION = YES;
				CLANG_WARN_NON_LITERAL_NULL_CONVERSION = YES;
				CLANG_WARN_OBJC_IMPLICIT_RETAIN_SELF = YES;
				CLANG_WARN_OBJC_LITERAL_CONVERSION = YES;
				CLANG_WARN_OBJC_ROOT_CLASS = YES_ERROR;
				CLANG_WARN_QUOTED_INCLUDE_IN_FRAMEWORK_HEADER = YES;
				CLANG_WARN_RANGE_LOOP_ANALYSIS = YES;
				CLANG_WARN_STRICT_PROTOTYPES = YES;
				CLANG_WARN_SUSPICIOUS_MOVE = YES;
				CLANG_WARN_UNGUARDED_AVAILABILITY = YES_AGGRESSIVE;
				CLANG_WARN_UNREACHABLE_CODE = YES;
				CLANG_WARN__DUPLICATE_METHOD_MATCH = YES;
				CODE_SIGN_STYLE = Automatic;
				COPY_PHASE_STRIP = NO;
				DEBUG_INFORMATION_FORMAT = "dwarf-with-dsym";
				ENABLE_NS_ASSERTIONS = NO;
				ENABLE_STRICT_OBJC_MSGSEND = YES;
				GCC_C_LANGUAGE_STANDARD = gnu11;
				GCC_NO_COMMON_BLOCKS = YES;
				GCC_WARN_64_TO_32_BIT_CONVERSION = YES;
				GCC_WARN_ABOUT_RETURN_TYPE = YES_ERROR;
				GCC_WARN_UNDECLARED_SELECTOR = YES;
				GCC_WARN_UNINITIALIZED_AUTOS = YES_AGGRESSIVE;
				GCC_WARN_UNUSED_FUNCTION = YES;
				GCC_WARN_UNUSED_VARIABLE = YES;
				IPHONEOS_DEPLOYMENT_TARGET = 18.0;
				MTL_ENABLE_DEBUG_INFO = NO;
				MTL_FAST_MATH = YES;
				PRODUCT_NAME = "$(TARGET_NAME)";
				SDKROOT = iphoneos;
				SWIFT_COMPILATION_MODE = wholemodule;
				SWIFT_OPTIMIZATION_LEVEL = "-O";
				SWIFT_VERSION = 5.10;
			};
			name = Release;
		};
		B2531ECE91750D9C105D6573 /* Release */ = {
			isa = XCBuildConfiguration;
			buildSettings = {
				ASSETCATALOG_COMPILER_APPICON_NAME = AppIcon;
				CODE_SIGN_IDENTITY = "Apple Development";
				CODE_SIGN_STYLE = Automatic;
				DEVELOPMENT_TEAM = A67TSUB9C3;
				INFOPLIST_FILE = Sources/DocNearMeiOS/Info.plist;
				IPHONEOS_DEPLOYMENT_TARGET = 18.0;
				LD_RUNPATH_SEARCH_PATHS = (
					"$(inherited)",
					"@executable_path/Frameworks",
				);
				PRODUCT_BUNDLE_IDENTIFIER = com.docnearme.DocNearMeiOS;
				PROVISIONING_PROFILE_SPECIFIER = "";
				SDKROOT = iphoneos;
				TARGETED_DEVICE_FAMILY = "1,2";
			};
			name = Release;
		};
		C33610F3C976188F3C205BEC /* Debug */ = {
			isa = XCBuildConfiguration;
			buildSettings = {
				ASSETCATALOG_COMPILER_APPICON_NAME = AppIcon;
				CODE_SIGN_IDENTITY = "Apple Development";
				CODE_SIGN_STYLE = Automatic;
				DEVELOPMENT_TEAM = A67TSUB9C3;
				INFOPLIST_FILE = Sources/DocNearMeiOS/Info.plist;
				IPHONEOS_DEPLOYMENT_TARGET = 18.0;
				LD_RUNPATH_SEARCH_PATHS = (
					"$(inherited)",
					"@executable_path/Frameworks",
				);
				PRODUCT_BUNDLE_IDENTIFIER = com.docnearme.DocNearMeiOS;
				PROVISIONING_PROFILE_SPECIFIER = "";
				SDKROOT = iphoneos;
				TARGETED_DEVICE_FAMILY = "1,2";
			};
			name = Debug;
		};
/* End XCBuildConfiguration section */

/* Begin XCConfigurationList section */
		D425A51318A321654F81E0CC /* Build configuration list for PBXNativeTarget "DocNearMeiOS" */ = {
			isa = XCConfigurationList;
			buildConfigurations = (
				C33610F3C976188F3C205BEC /* Debug */,
				B2531ECE91750D9C105D6573 /* Release */,
			);
			defaultConfigurationIsVisible = 0;
			defaultConfigurationName = Debug;
		};
		E5CED6E999673C97DA5A8C65 /* Build configuration list for PBXProject "DocNearMeiOS" */ = {
			isa = XCConfigurationList;
			buildConfigurations = (
				7F25B3FF1C593C7BEA426EDC /* Debug */,
				8507A974A692E6E02E03DFA8 /* Release */,
			);
			defaultConfigurationIsVisible = 0;
			defaultConfigurationName = Debug;
		};
/* End XCConfigurationList section */

/* Begin XCRemoteSwiftPackageReference section */
		62B41287AC63C7153B4330E7 /* XCRemoteSwiftPackageReference "CryptoSwift" */ = {
			isa = XCRemoteSwiftPackageReference;
			repositoryURL = "https://github.com/krzyzanowskim/CryptoSwift.git";
			requirement = {
				kind = upToNextMajorVersion;
				minimumVersion = 1.8.0;
			};
		};
/* End XCRemoteSwiftPackageReference section */

/* Begin XCSwiftPackageProductDependency section */
		16B556ABDDDA9294A142F5AA /* CryptoSwift */ = {
			isa = XCSwiftPackageProductDependency;
			package = 62B41287AC63C7153B4330E7 /* XCRemoteSwiftPackageReference "CryptoSwift" */;
			productName = CryptoSwift;
		};
/* End XCSwiftPackageProductDependency section */
	};
	rootObject = B667076F1FB393B4A396C4D6 /* Project object */;
}
